// !$*UTF8*$!
{
	archiveVersion = 1;
	classes = {
	};
	objectVersion = 51;
	objects = {

/* Begin PBXBuildFile section */
		6334B37F272ACA9E00AD3570 /* AppDelegate.swift in Sources */ = {isa = PBXBuildFile; fileRef = 6334B37E272ACA9E00AD3570 /* AppDelegate.swift */; };
		6334B381272ACA9E00AD3570 /* SceneDelegate.swift in Sources */ = {isa = PBXBuildFile; fileRef = 6334B380272ACA9E00AD3570 /* SceneDelegate.swift */; };
		6334B383272ACA9E00AD3570 /* ViewController.swift in Sources */ = {isa = PBXBuildFile; fileRef = 6334B382272ACA9E00AD3570 /* ViewController.swift */; };
		6334B386272ACA9E00AD3570 /* Main.storyboard in Resources */ = {isa = PBXBuildFile; fileRef = 6334B384272ACA9E00AD3570 /* Main.storyboard */; };
		6334B388272ACA9F00AD3570 /* Assets.xcassets in Resources */ = {isa = PBXBuildFile; fileRef = 6334B387272ACA9F00AD3570 /* Assets.xcassets */; };
		6334B38B272ACA9F00AD3570 /* LaunchScreen.storyboard in Resources */ = {isa = PBXBuildFile; fileRef = 6334B389272ACA9F00AD3570 /* LaunchScreen.storyboard */; };
		8471697E272EEC5600EDB9D8 /* TabBarController.swift in Sources */ = {isa = PBXBuildFile; fileRef = 8471697D272EEC5500EDB9D8 /* TabBarController.swift */; };
		84716981272EF4A800EDB9D8 /* PhotoViewController.swift in Sources */ = {isa = PBXBuildFile; fileRef = 84716980272EF4A700EDB9D8 /* PhotoViewController.swift */; };
		84716984272EF4C900EDB9D8 /* MailViewController.swift in Sources */ = {isa = PBXBuildFile; fileRef = 84716983272EF4C900EDB9D8 /* MailViewController.swift */; };
		8471698C272FDFC800EDB9D8 /* AppTabBar.swift in Sources */ = {isa = PBXBuildFile; fileRef = 8471698B272FDFC700EDB9D8 /* AppTabBar.swift */; };
		8471699327300E9900EDB9D8 /* RAMBounceAnimation.swift in Sources */ = {isa = PBXBuildFile; fileRef = 8471699227300E9800EDB9D8 /* RAMBounceAnimation.swift */; };
		84716996273012FA00EDB9D8 /* RAMRotationAnimation.swift in Sources */ = {isa = PBXBuildFile; fileRef = 84716995273012FA00EDB9D8 /* RAMRotationAnimation.swift */; };
		8471699A2730267E00EDB9D8 /* ScanViewController.swift in Sources */ = {isa = PBXBuildFile; fileRef = 847169982730267E00EDB9D8 /* ScanViewController.swift */; };
		8471699B2730267E00EDB9D8 /* ScanViewController.xib in Resources */ = {isa = PBXBuildFile; fileRef = 847169992730267E00EDB9D8 /* ScanViewController.xib */; };
		8471699E27302E8100EDB9D8 /* Resources.swift in Sources */ = {isa = PBXBuildFile; fileRef = 8471699D27302E8000EDB9D8 /* Resources.swift */; };
		A6EF33A7D8DFC1E9228C8275 /* Pods_TabBarAnimationProject.framework in Frameworks */ = {isa = PBXBuildFile; fileRef = 73C6F38ECB76E02912F80891 /* Pods_TabBarAnimationProject.framework */; };
/* End PBXBuildFile section */

/* Begin PBXFileReference section */
		6334B37B272ACA9E00AD3570 /* TabBarAnimationProject.app */ = {isa = PBXFileReference; explicitFileType = wrapper.application; includeInIndex = 0; path = TabBarAnimationProject.app; sourceTree = BUILT_PRODUCTS_DIR; };
		6334B37E272ACA9E00AD3570 /* AppDelegate.swift */ = {isa = PBXFileReference; lastKnownFileType = sourcecode.swift; path = AppDelegate.swift; sourceTree = "<group>"; };
		6334B380272ACA9E00AD3570 /* SceneDelegate.swift */ = {isa = PBXFileReference; lastKnownFileType = sourcecode.swift; path = SceneDelegate.swift; sourceTree = "<group>"; };
		6334B382272ACA9E00AD3570 /* ViewController.swift */ = {isa = PBXFileReference; lastKnownFileType = sourcecode.swift; path = ViewController.swift; sourceTree = "<group>"; };
		6334B385272ACA9E00AD3570 /* Base */ = {isa = PBXFileReference; lastKnownFileType = file.storyboard; name = Base; path = Base.lproj/Main.storyboard; sourceTree = "<group>"; };
		6334B387272ACA9F00AD3570 /* Assets.xcassets */ = {isa = PBXFileReference; lastKnownFileType = folder.assetcatalog; path = Assets.xcassets; sourceTree = "<group>"; };
		6334B38A272ACA9F00AD3570 /* Base */ = {isa = PBXFileReference; lastKnownFileType = file.storyboard; name = Base; path = Base.lproj/LaunchScreen.storyboard; sourceTree = "<group>"; };
		6334B38C272ACA9F00AD3570 /* Info.plist */ = {isa = PBXFileReference; lastKnownFileType = text.plist.xml; path = Info.plist; sourceTree = "<group>"; };
		73C6F38ECB76E02912F80891 /* Pods_TabBarAnimationProject.framework */ = {isa = PBXFileReference; explicitFileType = wrapper.framework; includeInIndex = 0; path = Pods_TabBarAnimationProject.framework; sourceTree = BUILT_PRODUCTS_DIR; };
		8471697D272EEC5500EDB9D8 /* TabBarController.swift */ = {isa = PBXFileReference; lastKnownFileType = sourcecode.swift; path = TabBarController.swift; sourceTree = "<group>"; };
		84716980272EF4A700EDB9D8 /* PhotoViewController.swift */ = {isa = PBXFileReference; lastKnownFileType = sourcecode.swift; path = PhotoViewController.swift; sourceTree = "<group>"; };
		84716983272EF4C900EDB9D8 /* MailViewController.swift */ = {isa = PBXFileReference; lastKnownFileType = sourcecode.swift; path = MailViewController.swift; sourceTree = "<group>"; };
		8471698B272FDFC700EDB9D8 /* AppTabBar.swift */ = {isa = PBXFileReference; lastKnownFileType = sourcecode.swift; path = AppTabBar.swift; sourceTree = "<group>"; };
		8471699227300E9800EDB9D8 /* RAMBounceAnimation.swift */ = {isa = PBXFileReference; lastKnownFileType = sourcecode.swift; path = RAMBounceAnimation.swift; sourceTree = "<group>"; };
		84716995273012FA00EDB9D8 /* RAMRotationAnimation.swift */ = {isa = PBXFileReference; lastKnownFileType = sourcecode.swift; path = RAMRotationAnimation.swift; sourceTree = "<group>"; };
		847169982730267E00EDB9D8 /* ScanViewController.swift */ = {isa = PBXFileReference; lastKnownFileType = sourcecode.swift; path = ScanViewController.swift; sourceTree = "<group>"; };
		847169992730267E00EDB9D8 /* ScanViewController.xib */ = {isa = PBXFileReference; lastKnownFileType = file.xib; path = ScanViewController.xib; sourceTree = "<group>"; };
		8471699D27302E8000EDB9D8 /* Resources.swift */ = {isa = PBXFileReference; lastKnownFileType = sourcecode.swift; path = Resources.swift; sourceTree = "<group>"; };
		847169A0273078AA00EDB9D8 /* animated-icon.riv */ = {isa = PBXFileReference; lastKnownFileType = file; name = "animated-icon.riv"; path = "../../../../../../Desktop/animated-icon.riv"; sourceTree = "<group>"; };
		85AF4CD9825B4D2094D9142E /* Pods-TabBarAnimationProject.release.xcconfig */ = {isa = PBXFileReference; includeInIndex = 1; lastKnownFileType = text.xcconfig; name = "Pods-TabBarAnimationProject.release.xcconfig"; path = "Target Support Files/Pods-TabBarAnimationProject/Pods-TabBarAnimationProject.release.xcconfig"; sourceTree = "<group>"; };
		D2B04A7CBD833DDED8B0B034 /* Pods-TabBarAnimationProject.debug.xcconfig */ = {isa = PBXFileReference; includeInIndex = 1; lastKnownFileType = text.xcconfig; name = "Pods-TabBarAnimationProject.debug.xcconfig"; path = "Target Support Files/Pods-TabBarAnimationProject/Pods-TabBarAnimationProject.debug.xcconfig"; sourceTree = "<group>"; };
/* End PBXFileReference section */

/* Begin PBXFrameworksBuildPhase section */
		6334B378272ACA9E00AD3570 /* Frameworks */ = {
			isa = PBXFrameworksBuildPhase;
			buildActionMask = 2147483647;
			files = (
				A6EF33A7D8DFC1E9228C8275 /* Pods_TabBarAnimationProject.framework in Frameworks */,
			);
			runOnlyForDeploymentPostprocessing = 0;
		};
/* End PBXFrameworksBuildPhase section */

/* Begin PBXGroup section */
		6334B372272ACA9D00AD3570 = {
			isa = PBXGroup;
			children = (
				6334B37D272ACA9E00AD3570 /* TabBarAnimationProject */,
				6334B37C272ACA9E00AD3570 /* Products */,
				E96B0A04505A795AB6A0BA03 /* Pods */,
				6C5BBA9E149AC219A01FB635 /* Frameworks */,
			);
			sourceTree = "<group>";
		};
		6334B37C272ACA9E00AD3570 /* Products */ = {
			isa = PBXGroup;
			children = (
				6334B37B272ACA9E00AD3570 /* TabBarAnimationProject.app */,
			);
			name = Products;
			sourceTree = "<group>";
		};
		6334B37D272ACA9E00AD3570 /* TabBarAnimationProject */ = {
			isa = PBXGroup;
			children = (
				847169A0273078AA00EDB9D8 /* animated-icon.riv */,
				6334B37E272ACA9E00AD3570 /* AppDelegate.swift */,
				6334B380272ACA9E00AD3570 /* SceneDelegate.swift */,
				6334B382272ACA9E00AD3570 /* ViewController.swift */,
				6334B384272ACA9E00AD3570 /* Main.storyboard */,
				6334B387272ACA9F00AD3570 /* Assets.xcassets */,
				6334B389272ACA9F00AD3570 /* LaunchScreen.storyboard */,
				6334B38C272ACA9F00AD3570 /* Info.plist */,
				8471697D272EEC5500EDB9D8 /* TabBarController.swift */,
				84716980272EF4A700EDB9D8 /* PhotoViewController.swift */,
				84716983272EF4C900EDB9D8 /* MailViewController.swift */,
				8471698B272FDFC700EDB9D8 /* AppTabBar.swift */,
				8471699227300E9800EDB9D8 /* RAMBounceAnimation.swift */,
				84716995273012FA00EDB9D8 /* RAMRotationAnimation.swift */,
				847169982730267E00EDB9D8 /* ScanViewController.swift */,
				847169992730267E00EDB9D8 /* ScanViewController.xib */,
				8471699D27302E8000EDB9D8 /* Resources.swift */,
			);
			path = TabBarAnimationProject;
			sourceTree = "<group>";
		};
		6C5BBA9E149AC219A01FB635 /* Frameworks */ = {
			isa = PBXGroup;
			children = (
				73C6F38ECB76E02912F80891 /* Pods_TabBarAnimationProject.framework */,
			);
			name = Frameworks;
			sourceTree = "<group>";
		};
		E96B0A04505A795AB6A0BA03 /* Pods */ = {
			isa = PBXGroup;
			children = (
				D2B04A7CBD833DDED8B0B034 /* Pods-TabBarAnimationProject.debug.xcconfig */,
				85AF4CD9825B4D2094D9142E /* Pods-TabBarAnimationProject.release.xcconfig */,
			);
			path = Pods;
			sourceTree = "<group>";
		};
/* End PBXGroup section */

/* Begin PBXNativeTarget section */
		6334B37A272ACA9E00AD3570 /* TabBarAnimationProject */ = {
			isa = PBXNativeTarget;
			buildConfigurationList = 6334B38F272ACA9F00AD3570 /* Build configuration list for PBXNativeTarget "TabBarAnimationProject" */;
			buildPhases = (
				316B65839AC847BEC69CDABF /* [CP] Check Pods Manifest.lock */,
				6334B377272ACA9E00AD3570 /* Sources */,
				6334B378272ACA9E00AD3570 /* Frameworks */,
				6334B379272ACA9E00AD3570 /* Resources */,
				74592028D8B3F7F3372B66DF /* [CP] Embed Pods Frameworks */,
			);
			buildRules = (
			);
			dependencies = (
			);
			name = TabBarAnimationProject;
			productName = TabBarAnimationProject;
			productReference = 6334B37B272ACA9E00AD3570 /* TabBarAnimationProject.app */;
			productType = "com.apple.product-type.application";
		};
/* End PBXNativeTarget section */

/* Begin PBXProject section */
		6334B373272ACA9D00AD3570 /* Project object */ = {
			isa = PBXProject;
			attributes = {
				LastSwiftUpdateCheck = 1240;
				LastUpgradeCheck = 1240;
				TargetAttributes = {
					6334B37A272ACA9E00AD3570 = {
						CreatedOnToolsVersion = 12.4;
					};
				};
			};
			buildConfigurationList = 6334B376272ACA9D00AD3570 /* Build configuration list for PBXProject "TabBarAnimationProject" */;
			compatibilityVersion = "Xcode 9.3";
			developmentRegion = en;
			hasScannedForEncodings = 0;
			knownRegions = (
				en,
				Base,
			);
			mainGroup = 6334B372272ACA9D00AD3570;
			productRefGroup = 6334B37C272ACA9E00AD3570 /* Products */;
			projectDirPath = "";
			projectRoot = "";
			targets = (
				6334B37A272ACA9E00AD3570 /* TabBarAnimationProject */,
			);
		};
/* End PBXProject section */

/* Begin PBXResourcesBuildPhase section */
		6334B379272ACA9E00AD3570 /* Resources */ = {
			isa = PBXResourcesBuildPhase;
			buildActionMask = 2147483647;
			files = (
				6334B38B272ACA9F00AD3570 /* LaunchScreen.storyboard in Resources */,
				6334B388272ACA9F00AD3570 /* Assets.xcassets in Resources */,
				6334B386272ACA9E00AD3570 /* Main.storyboard in Resources */,
				8471699B2730267E00EDB9D8 /* ScanViewController.xib in Resources */,
			);
			runOnlyForDeploymentPostprocessing = 0;
		};
/* End PBXResourcesBuildPhase section */

/* Begin PBXShellScriptBuildPhase section */
		316B65839AC847BEC69CDABF /* [CP] Check Pods Manifest.lock */ = {
			isa = PBXShellScriptBuildPhase;
			buildActionMask = 2147483647;
			files = (
			);
			inputFileListPaths = (
			);
			inputPaths = (
				"${PODS_PODFILE_DIR_PATH}/Podfile.lock",
				"${PODS_ROOT}/Manifest.lock",
			);
			name = "[CP] Check Pods Manifest.lock";
			outputFileListPaths = (
			);
			outputPaths = (
				"$(DERIVED_FILE_DIR)/Pods-TabBarAnimationProject-checkManifestLockResult.txt",
			);
			runOnlyForDeploymentPostprocessing = 0;
			shellPath = /bin/sh;
			shellScript = "diff \"${PODS_PODFILE_DIR_PATH}/Podfile.lock\" \"${PODS_ROOT}/Manifest.lock\" > /dev/null\nif [ $? != 0 ] ; then\n    # print error to STDERR\n    echo \"error: The sandbox is not in sync with the Podfile.lock. Run 'pod install' or update your CocoaPods installation.\" >&2\n    exit 1\nfi\n# This output is used by Xcode 'outputs' to avoid re-running this script phase.\necho \"SUCCESS\" > \"${SCRIPT_OUTPUT_FILE_0}\"\n";
			showEnvVarsInLog = 0;
		};
		74592028D8B3F7F3372B66DF /* [CP] Embed Pods Frameworks */ = {
			isa = PBXShellScriptBuildPhase;
			buildActionMask = 2147483647;
			files = (
			);
			inputFileListPaths = (
				"${PODS_ROOT}/Target Support Files/Pods-TabBarAnimationProject/Pods-TabBarAnimationProject-frameworks-${CONFIGURATION}-input-files.xcfilelist",
			);
			name = "[CP] Embed Pods Frameworks";
			outputFileListPaths = (
				"${PODS_ROOT}/Target Support Files/Pods-TabBarAnimationProject/Pods-TabBarAnimationProject-frameworks-${CONFIGURATION}-output-files.xcfilelist",
			);
			runOnlyForDeploymentPostprocessing = 0;
			shellPath = /bin/sh;
			shellScript = "\"${PODS_ROOT}/Target Support Files/Pods-TabBarAnimationProject/Pods-TabBarAnimationProject-frameworks.sh\"\n";
			showEnvVarsInLog = 0;
		};
/* End PBXShellScriptBuildPhase section */

/* Begin PBXSourcesBuildPhase section */
		6334B377272ACA9E00AD3570 /* Sources */ = {
			isa = PBXSourcesBuildPhase;
			buildActionMask = 2147483647;
			files = (
				8471698C272FDFC800EDB9D8 /* AppTabBar.swift in Sources */,
				6334B383272ACA9E00AD3570 /* ViewController.swift in Sources */,
				8471697E272EEC5600EDB9D8 /* TabBarController.swift in Sources */,
				6334B37F272ACA9E00AD3570 /* AppDelegate.swift in Sources */,
				6334B381272ACA9E00AD3570 /* SceneDelegate.swift in Sources */,
				84716981272EF4A800EDB9D8 /* PhotoViewController.swift in Sources */,
				84716984272EF4C900EDB9D8 /* MailViewController.swift in Sources */,
				8471699A2730267E00EDB9D8 /* ScanViewController.swift in Sources */,
				8471699E27302E8100EDB9D8 /* Resources.swift in Sources */,
				8471699327300E9900EDB9D8 /* RAMBounceAnimation.swift in Sources */,
				84716996273012FA00EDB9D8 /* RAMRotationAnimation.swift in Sources */,
			);
			runOnlyForDeploymentPostprocessing = 0;
		};
/* End PBXSourcesBuildPhase section */

/* Begin PBXVariantGroup section */
		6334B384272ACA9E00AD3570 /* Main.storyboard */ = {
			isa = PBXVariantGroup;
			children = (
				6334B385272ACA9E00AD3570 /* Base */,
			);
			name = Main.storyboard;
			sourceTree = "<group>";
		};
		6334B389272ACA9F00AD3570 /* LaunchScreen.storyboard */ = {
			isa = PBXVariantGroup;
			children = (
				6334B38A272ACA9F00AD3570 /* Base */,
			);
			name = LaunchScreen.storyboard;
			sourceTree = "<group>";
		};
/* End PBXVariantGroup section */

/* Begin XCBuildConfiguration section */
		6334B38D272ACA9F00AD3570 /* Debug */ = {
			isa = XCBuildConfiguration;
			buildSettings = {
				ALWAYS_SEARCH_USER_PATHS = NO;
				CLANG_ANALYZER_NONNULL = YES;
				CLANG_ANALYZER_NUMBER_OBJECT_CONVERSION = YES_AGGRESSIVE;
				CLANG_CXX_LANGUAGE_STANDARD = "gnu++14";
				CLANG_CXX_LIBRARY = "libc++";
				CLANG_ENABLE_MODULES = YES;
				CLANG_ENABLE_OBJC_ARC = YES;
				CLANG_ENABLE_OBJC_WEAK = YES;
				CLANG_WARN_BLOCK_CAPTURE_AUTORELEASING = YES;
				CLANG_WARN_BOOL_CONVERSION = YES;
				CLANG_WARN_COMMA = YES;
				CLANG_WARN_CONSTANT_CONVERSION = YES;
				CLANG_WARN_DEPRECATED_OBJC_IMPLEMENTATIONS = YES;
				CLANG_WARN_DIRECT_OBJC_ISA_USAGE = YES_ERROR;
				CLANG_WARN_DOCUMENTATION_COMMENTS = YES;
				CLANG_WARN_EMPTY_BODY = YES;
				CLANG_WARN_ENUM_CONVERSION = YES;
				CLANG_WARN_INFINITE_RECURSION = YES;
				CLANG_WARN_INT_CONVERSION = YES;
				CLANG_WARN_NON_LITERAL_NULL_CONVERSION = YES;
				CLANG_WARN_OBJC_IMPLICIT_RETAIN_SELF = YES;
				CLANG_WARN_OBJC_LITERAL_CONVERSION = YES;
				CLANG_WARN_OBJC_ROOT_CLASS = YES_ERROR;
				CLANG_WARN_QUOTED_INCLUDE_IN_FRAMEWORK_HEADER = YES;
				CLANG_WARN_RANGE_LOOP_ANALYSIS = YES;
				CLANG_WARN_STRICT_PROTOTYPES = YES;
				CLANG_WARN_SUSPICIOUS_MOVE = YES;
				CLANG_WARN_UNGUARDED_AVAILABILITY = YES_AGGRESSIVE;
				CLANG_WARN_UNREACHABLE_CODE = YES;
				CLANG_WARN__DUPLICATE_METHOD_MATCH = YES;
				COPY_PHASE_STRIP = NO;
				DEBUG_INFORMATION_FORMAT = dwarf;
				ENABLE_STRICT_OBJC_MSGSEND = YES;
				ENABLE_TESTABILITY = YES;
				GCC_C_LANGUAGE_STANDARD = gnu11;
				GCC_DYNAMIC_NO_PIC = NO;
				GCC_NO_COMMON_BLOCKS = YES;
				GCC_OPTIMIZATION_LEVEL = 0;
				GCC_PREPROCESSOR_DEFINITIONS = (
					"DEBUG=1",
					"$(inherited)",
				);
				GCC_WARN_64_TO_32_BIT_CONVERSION = YES;
				GCC_WARN_ABOUT_RETURN_TYPE = YES_ERROR;
				GCC_WARN_UNDECLARED_SELECTOR = YES;
				GCC_WARN_UNINITIALIZED_AUTOS = YES_AGGRESSIVE;
				GCC_WARN_UNUSED_FUNCTION = YES;
				GCC_WARN_UNUSED_VARIABLE = YES;
				IPHONEOS_DEPLOYMENT_TARGET = 14.4;
				MTL_ENABLE_DEBUG_INFO = INCLUDE_SOURCE;
				MTL_FAST_MATH = YES;
				ONLY_ACTIVE_ARCH = YES;
				SDKROOT = iphoneos;
				SWIFT_ACTIVE_COMPILATION_CONDITIONS = DEBUG;
				SWIFT_OPTIMIZATION_LEVEL = "-Onone";
			};
			name = Debug;
		};
		6334B38E272ACA9F00AD3570 /* Release */ = {
			isa = XCBuildConfiguration;
			buildSettings = {
				ALWAYS_SEARCH_USER_PATHS = NO;
				CLANG_ANALYZER_NONNULL = YES;
				CLANG_ANALYZER_NUMBER_OBJECT_CONVERSION = YES_AGGRESSIVE;
				CLANG_CXX_LANGUAGE_STANDARD = "gnu++14";
				CLANG_CXX_LIBRARY = "libc++";
				CLANG_ENABLE_MODULES = YES;
				CLANG_ENABLE_OBJC_ARC = YES;
				CLANG_ENABLE_OBJC_WEAK = YES;
				CLANG_WARN_BLOCK_CAPTURE_AUTORELEASING = YES;
				CLANG_WARN_BOOL_CONVERSION = YES;
				CLANG_WARN_COMMA = YES;
				CLANG_WARN_CONSTANT_CONVERSION = YES;
				CLANG_WARN_DEPRECATED_OBJC_IMPLEMENTATIONS = YES;
				CLANG_WARN_DIRECT_OBJC_ISA_USAGE = YES_ERROR;
				CLANG_WARN_DOCUMENTATION_COMMENTS = YES;
				CLANG_WARN_EMPTY_BODY = YES;
				CLANG_WARN_ENUM_CONVERSION = YES;
				CLANG_WARN_INFINITE_RECURSION = YES;
				CLANG_WARN_INT_CONVERSION = YES;
				CLANG_WARN_NON_LITERAL_NULL_CONVERSION = YES;
				CLANG_WARN_OBJC_IMPLICIT_RETAIN_SELF = YES;
				CLANG_WARN_OBJC_LITERAL_CONVERSION = YES;
				CLANG_WARN_OBJC_ROOT_CLASS = YES_ERROR;
				CLANG_WARN_QUOTED_INCLUDE_IN_FRAMEWORK_HEADER = YES;
				CLANG_WARN_RANGE_LOOP_ANALYSIS = YES;
				CLANG_WARN_STRICT_PROTOTYPES = YES;
				CLANG_WARN_SUSPICIOUS_MOVE = YES;
				CLANG_WARN_UNGUARDED_AVAILABILITY = YES_AGGRESSIVE;
				CLANG_WARN_UNREACHABLE_CODE = YES;
				CLANG_WARN__DUPLICATE_METHOD_MATCH = YES;
				COPY_PHASE_STRIP = NO;
				DEBUG_INFORMATION_FORMAT = "dwarf-with-dsym";
				ENABLE_NS_ASSERTIONS = NO;
				ENABLE_STRICT_OBJC_MSGSEND = YES;
				GCC_C_LANGUAGE_STANDARD = gnu11;
				GCC_NO_COMMON_BLOCKS = YES;
				GCC_WARN_64_TO_32_BIT_CONVERSION = YES;
				GCC_WARN_ABOUT_RETURN_TYPE = YES_ERROR;
				GCC_WARN_UNDECLARED_SELECTOR = YES;
				GCC_WARN_UNINITIALIZED_AUTOS = YES_AGGRESSIVE;
				GCC_WARN_UNUSED_FUNCTION = YES;
				GCC_WARN_UNUSED_VARIABLE = YES;
				IPHONEOS_DEPLOYMENT_TARGET = 14.4;
				MTL_ENABLE_DEBUG_INFO = NO;
				MTL_FAST_MATH = YES;
				SDKROOT = iphoneos;
				SWIFT_COMPILATION_MODE = wholemodule;
				SWIFT_OPTIMIZATION_LEVEL = "-O";
				VALIDATE_PRODUCT = YES;
			};
			name = Release;
		};
		6334B390272ACA9F00AD3570 /* Debug */ = {
			isa = XCBuildConfiguration;
			baseConfigurationReference = D2B04A7CBD833DDED8B0B034 /* Pods-TabBarAnimationProject.debug.xcconfig */;
			buildSettings = {
				ASSETCATALOG_COMPILER_APPICON_NAME = AppIcon;
				ASSETCATALOG_COMPILER_GLOBAL_ACCENT_COLOR_NAME = AccentColor;
				CODE_SIGN_STYLE = Automatic;
				INFOPLIST_FILE = TabBarAnimationProject/Info.plist;
				LD_RUNPATH_SEARCH_PATHS = (
					"$(inherited)",
					"@executable_path/Frameworks",
				);
				PRODUCT_BUNDLE_IDENTIFIER = com.abcloudz.s.koryagin.TabBarAnimationProject;
				PRODUCT_NAME = "$(TARGET_NAME)";
				SWIFT_VERSION = 5.0;
				TARGETED_DEVICE_FAMILY = 1;
			};
			name = Debug;
		};
		6334B391272ACA9F00AD3570 /* Release */ = {
			isa = XCBuildConfiguration;
			baseConfigurationReference = 85AF4CD9825B4D2094D9142E /* Pods-TabBarAnimationProject.release.xcconfig */;
			buildSettings = {
				ASSETCATALOG_COMPILER_APPICON_NAME = AppIcon;
				ASSETCATALOG_COMPILER_GLOBAL_ACCENT_COLOR_NAME = AccentColor;
				CODE_SIGN_STYLE = Automatic;
				INFOPLIST_FILE = TabBarAnimationProject/Info.plist;
				LD_RUNPATH_SEARCH_PATHS = (
					"$(inherited)",
					"@executable_path/Frameworks",
				);
				PRODUCT_BUNDLE_IDENTIFIER = com.abcloudz.s.koryagin.TabBarAnimationProject;
				PRODUCT_NAME = "$(TARGET_NAME)";
				SWIFT_VERSION = 5.0;
				TARGETED_DEVICE_FAMILY = 1;
			};
			name = Release;
		};
/* End XCBuildConfiguration section */

/* Begin XCConfigurationList section */
		6334B376272ACA9D00AD3570 /* Build configuration list for PBXProject "TabBarAnimationProject" */ = {
			isa = XCConfigurationList;
			buildConfigurations = (
				6334B38D272ACA9F00AD3570 /* Debug */,
				6334B38E272ACA9F00AD3570 /* Release */,
			);
			defaultConfigurationIsVisible = 0;
			defaultConfigurationName = Release;
		};
		6334B38F272ACA9F00AD3570 /* Build configuration list for PBXNativeTarget "TabBarAnimationProject" */ = {
			isa = XCConfigurationList;
			buildConfigurations = (
				6334B390272ACA9F00AD3570 /* Debug */,
				6334B391272ACA9F00AD3570 /* Release */,
			);
			defaultConfigurationIsVisible = 0;
			defaultConfigurationName = Release;
		};
/* End XCConfigurationList section */
	};
	rootObject = 6334B373272ACA9D00AD3570 /* Project object */;
}
